
Microsoft Visual Studio Solution File, Format Version 12.00
# Visual Studio Version 16
VisualStudioVersion = 16.0.31624.102
MinimumVisualStudioVersion = 10.0.40219.1
Project("{FAE04EC0-301F-11D3-BF4B-00C04F79EFBC}") = "WeatherForecast", "WeatherForecast\WeatherForecast.csproj", "{49407415-7450-4F5F-B629-DA3998E62831}"
EndProject
Global
	GlobalSection(SolutionConfigurationPlatforms) = preSolution
		Debug|Any CPU = Debug|Any CPU
		Release|Any CPU = Release|Any CPU
	EndGlobalSection
	GlobalSection(ProjectConfigurationPlatforms) = postSolution
		{49407415-7450-4F5F-B629-DA3998E62831}.Debug|Any CPU.ActiveCfg = Debug|Any CPU
		{49407415-7450-4F5F-B629-DA3998E62831}.Debug|Any CPU.Build.0 = Debug|Any CPU
		{49407415-7450-4F5F-B629-DA3998E62831}.Release|Any CPU.ActiveCfg = Release|Any CPU
		{49407415-7450-4F5F-B629-DA3998E62831}.Release|Any CPU.Build.0 = Release|Any CPU
	EndGlobalSection
	GlobalSection(SolutionProperties) = preSolution
		HideSolutionNode = FALSE
	EndGlobalSection
	GlobalSection(ExtensibilityGlobals) = postSolution
		SolutionGuid = {8219C9DA-12FE-49D2-8E6F-C9ADC549716C}
	EndGlobalSection
EndGlobal
